
Microsoft Visual Studio Solution File, Format Version 11.00
# Visual Studio 2010
Project("{2150E333-8FDC-42A3-9474-1A3956D46DE8}") = "Business", "Business", "{0611A648-4EAA-4AB1-A494-98EE0D096483}"
EndProject
Project("{2150E333-8FDC-42A3-9474-1A3956D46DE8}") = "Modules", "Modules", "{9FD91D2B-3337-41F2-BEA2-A8D58ABAB760}"
EndProject
Project("{FAE04EC0-301F-11D3-BF4B-00C04F79EFBC}") = "Pustakalay.Data", "src\Business\Pustakalay.Data\Pustakalay.Data.csproj", "{ED5125BA-6829-4514-BCDE-250D3F235BC5}"
EndProject
Project("{FAE04EC0-301F-11D3-BF4B-00C04F79EFBC}") = "Pustakalay", "src\Pustakalay\Pustakalay.csproj", "{25688ED2-E613-4696-850B-D16A301B4E14}"
EndProject
Project("{FAE04EC0-301F-11D3-BF4B-00C04F79EFBC}") = "Pustakalay.Infrastructure", "src\Pustakalay.Infrastructure\Pustakalay.Infrastructure.csproj", "{F8D547CD-4F27-4AD8-8AA0-AD252D8F7133}"
EndProject
Project("{FAE04EC0-301F-11D3-BF4B-00C04F79EFBC}") = "Pustakalay.BooksModule", "src\Modules\Pustakalay.BooksModule\Pustakalay.BooksModule.csproj", "{DC905EC0-8566-4574-B780-B9853804B1EB}"
EndProject
Project("{FAE04EC0-301F-11D3-BF4B-00C04F79EFBC}") = "Pustakalay.LayoutModule", "src\Modules\Pustakalay.LayoutModule\Pustakalay.LayoutModule.csproj", "{526D58E4-763D-438D-96A9-FC5EC6BF8BDD}"
EndProject
Project("{FAE04EC0-301F-11D3-BF4B-00C04F79EFBC}") = "Pustakalay.Inventory", "src\Modules\Pustakalay.Inventory\Pustakalay.Inventory.csproj", "{55F039EF-D195-44BB-90C0-71AC61AF4AC9}"
EndProject
Global
	GlobalSection(SolutionConfigurationPlatforms) = preSolution
		Debug|Any CPU = Debug|Any CPU
		Debug|Mixed Platforms = Debug|Mixed Platforms
		Debug|x86 = Debug|x86
		Release|Any CPU = Release|Any CPU
		Release|Mixed Platforms = Release|Mixed Platforms
		Release|x86 = Release|x86
	EndGlobalSection
	GlobalSection(ProjectConfigurationPlatforms) = postSolution
		{ED5125BA-6829-4514-BCDE-250D3F235BC5}.Debug|Any CPU.ActiveCfg = Debug|Any CPU
		{ED5125BA-6829-4514-BCDE-250D3F235BC5}.Debug|Any CPU.Build.0 = Debug|Any CPU
		{ED5125BA-6829-4514-BCDE-250D3F235BC5}.Debug|Mixed Platforms.ActiveCfg = Debug|Any CPU
		{ED5125BA-6829-4514-BCDE-250D3F235BC5}.Debug|Mixed Platforms.Build.0 = Debug|Any CPU
		{ED5125BA-6829-4514-BCDE-250D3F235BC5}.Debug|x86.ActiveCfg = Debug|Any CPU
		{ED5125BA-6829-4514-BCDE-250D3F235BC5}.Release|Any CPU.ActiveCfg = Release|Any CPU
		{ED5125BA-6829-4514-BCDE-250D3F235BC5}.Release|Any CPU.Build.0 = Release|Any CPU
		{ED5125BA-6829-4514-BCDE-250D3F235BC5}.Release|Mixed Platforms.ActiveCfg = Release|Any CPU
		{ED5125BA-6829-4514-BCDE-250D3F235BC5}.Release|Mixed Platforms.Build.0 = Release|Any CPU
		{ED5125BA-6829-4514-BCDE-250D3F235BC5}.Release|x86.ActiveCfg = Release|Any CPU
		{25688ED2-E613-4696-850B-D16A301B4E14}.Debug|Any CPU.ActiveCfg = Debug|x86
		{25688ED2-E613-4696-850B-D16A301B4E14}.Debug|Mixed Platforms.ActiveCfg = Debug|x86
		{25688ED2-E613-4696-850B-D16A301B4E14}.Debug|Mixed Platforms.Build.0 = Debug|x86
		{25688ED2-E613-4696-850B-D16A301B4E14}.Debug|x86.ActiveCfg = Debug|x86
		{25688ED2-E613-4696-850B-D16A301B4E14}.Debug|x86.Build.0 = Debug|x86
		{25688ED2-E613-4696-850B-D16A301B4E14}.Release|Any CPU.ActiveCfg = Release|x86
		{25688ED2-E613-4696-850B-D16A301B4E14}.Release|Mixed Platforms.ActiveCfg = Release|x86
		{25688ED2-E613-4696-850B-D16A301B4E14}.Release|Mixed Platforms.Build.0 = Release|x86
		{25688ED2-E613-4696-850B-D16A301B4E14}.Release|x86.ActiveCfg = Release|x86
		{25688ED2-E613-4696-850B-D16A301B4E14}.Release|x86.Build.0 = Release|x86
		{F8D547CD-4F27-4AD8-8AA0-AD252D8F7133}.Debug|Any CPU.ActiveCfg = Debug|Any CPU
		{F8D547CD-4F27-4AD8-8AA0-AD252D8F7133}.Debug|Any CPU.Build.0 = Debug|Any CPU
		{F8D547CD-4F27-4AD8-8AA0-AD252D8F7133}.Debug|Mixed Platforms.ActiveCfg = Debug|Any CPU
		{F8D547CD-4F27-4AD8-8AA0-AD252D8F7133}.Debug|Mixed Platforms.Build.0 = Debug|Any CPU
		{F8D547CD-4F27-4AD8-8AA0-AD252D8F7133}.Debug|x86.ActiveCfg = Debug|Any CPU
		{F8D547CD-4F27-4AD8-8AA0-AD252D8F7133}.Release|Any CPU.ActiveCfg = Release|Any CPU
		{F8D547CD-4F27-4AD8-8AA0-AD252D8F7133}.Release|Any CPU.Build.0 = Release|Any CPU
		{F8D547CD-4F27-4AD8-8AA0-AD252D8F7133}.Release|Mixed Platforms.ActiveCfg = Release|Any CPU
		{F8D547CD-4F27-4AD8-8AA0-AD252D8F7133}.Release|Mixed Platforms.Build.0 = Release|Any CPU
		{F8D547CD-4F27-4AD8-8AA0-AD252D8F7133}.Release|x86.ActiveCfg = Release|Any CPU
		{DC905EC0-8566-4574-B780-B9853804B1EB}.Debug|Any CPU.ActiveCfg = Debug|Any CPU
		{DC905EC0-8566-4574-B780-B9853804B1EB}.Debug|Any CPU.Build.0 = Debug|Any CPU
		{DC905EC0-8566-4574-B780-B9853804B1EB}.Debug|Mixed Platforms.ActiveCfg = Debug|Any CPU
		{DC905EC0-8566-4574-B780-B9853804B1EB}.Debug|Mixed Platforms.Build.0 = Debug|Any CPU
		{DC905EC0-8566-4574-B780-B9853804B1EB}.Debug|x86.ActiveCfg = Debug|Any CPU
		{DC905EC0-8566-4574-B780-B9853804B1EB}.Release|Any CPU.ActiveCfg = Release|Any CPU
		{DC905EC0-8566-4574-B780-B9853804B1EB}.Release|Any CPU.Build.0 = Release|Any CPU
		{DC905EC0-8566-4574-B780-B9853804B1EB}.Release|Mixed Platforms.ActiveCfg = Release|Any CPU
		{DC905EC0-8566-4574-B780-B9853804B1EB}.Release|Mixed Platforms.Build.0 = Release|Any CPU
		{DC905EC0-8566-4574-B780-B9853804B1EB}.Release|x86.ActiveCfg = Release|Any CPU
		{526D58E4-763D-438D-96A9-FC5EC6BF8BDD}.Debug|Any CPU.ActiveCfg = Debug|Any CPU
		{526D58E4-763D-438D-96A9-FC5EC6BF8BDD}.Debug|Any CPU.Build.0 = Debug|Any CPU
		{526D58E4-763D-438D-96A9-FC5EC6BF8BDD}.Debug|Mixed Platforms.ActiveCfg = Debug|Any CPU
		{526D58E4-763D-438D-96A9-FC5EC6BF8BDD}.Debug|Mixed Platforms.Build.0 = Debug|Any CPU
		{526D58E4-763D-438D-96A9-FC5EC6BF8BDD}.Debug|x86.ActiveCfg = Debug|Any CPU
		{526D58E4-763D-438D-96A9-FC5EC6BF8BDD}.Release|Any CPU.ActiveCfg = Release|Any CPU
		{526D58E4-763D-438D-96A9-FC5EC6BF8BDD}.Release|Any CPU.Build.0 = Release|Any CPU
		{526D58E4-763D-438D-96A9-FC5EC6BF8BDD}.Release|Mixed Platforms.ActiveCfg = Release|Any CPU
		{526D58E4-763D-438D-96A9-FC5EC6BF8BDD}.Release|Mixed Platforms.Build.0 = Release|Any CPU
		{526D58E4-763D-438D-96A9-FC5EC6BF8BDD}.Release|x86.ActiveCfg = Release|Any CPU
		{55F039EF-D195-44BB-90C0-71AC61AF4AC9}.Debug|Any CPU.ActiveCfg = Debug|Any CPU
		{55F039EF-D195-44BB-90C0-71AC61AF4AC9}.Debug|Any CPU.Build.0 = Debug|Any CPU
		{55F039EF-D195-44BB-90C0-71AC61AF4AC9}.Debug|Mixed Platforms.ActiveCfg = Debug|Any CPU
		{55F039EF-D195-44BB-90C0-71AC61AF4AC9}.Debug|Mixed Platforms.Build.0 = Debug|Any CPU
		{55F039EF-D195-44BB-90C0-71AC61AF4AC9}.Debug|x86.ActiveCfg = Debug|Any CPU
		{55F039EF-D195-44BB-90C0-71AC61AF4AC9}.Release|Any CPU.ActiveCfg = Release|Any CPU
		{55F039EF-D195-44BB-90C0-71AC61AF4AC9}.Release|Any CPU.Build.0 = Release|Any CPU
		{55F039EF-D195-44BB-90C0-71AC61AF4AC9}.Release|Mixed Platforms.ActiveCfg = Release|Any CPU
		{55F039EF-D195-44BB-90C0-71AC61AF4AC9}.Release|Mixed Platforms.Build.0 = Release|Any CPU
		{55F039EF-D195-44BB-90C0-71AC61AF4AC9}.Release|x86.ActiveCfg = Release|Any CPU
	EndGlobalSection
	GlobalSection(SolutionProperties) = preSolution
		HideSolutionNode = FALSE
	EndGlobalSection
	GlobalSection(NestedProjects) = preSolution
		{ED5125BA-6829-4514-BCDE-250D3F235BC5} = {0611A648-4EAA-4AB1-A494-98EE0D096483}
		{DC905EC0-8566-4574-B780-B9853804B1EB} = {9FD91D2B-3337-41F2-BEA2-A8D58ABAB760}
		{526D58E4-763D-438D-96A9-FC5EC6BF8BDD} = {9FD91D2B-3337-41F2-BEA2-A8D58ABAB760}
		{55F039EF-D195-44BB-90C0-71AC61AF4AC9} = {9FD91D2B-3337-41F2-BEA2-A8D58ABAB760}
	EndGlobalSection
	GlobalSection(ExtensibilityGlobals) = postSolution
		EnterpriseLibraryConfigurationToolBinariesPath = packages\Unity.2.1.505.2\lib\NET35
	EndGlobalSection
EndGlobal
